<?xml version="1.0" encoding="utf-8"?>
<Project ToolsVersion="4.0" xmlns="http://schemas.microsoft.com/developer/msbuild/2003">
  <ItemGroup>
    <Filter Include="Source Files">
      <UniqueIdentifier>{4FC737F1-C7A5-4376-A066-2A32D752A2FF}</UniqueIdentifier>
      <Extensions>cpp;c;cc;cxx;c++;cppm;ixx;def;odl;idl;hpj;bat;asm;asmx</Extensions>
    </Filter>
    <Filter Include="Header Files">
      <UniqueIdentifier>{93995380-89BD-4b04-88EB-625FBE52EBFB}</UniqueIdentifier>
      <Extensions>h;hh;hpp;hxx;h++;hm;inl;inc;ipp;xsd</Extensions>
    </Filter>
    <Filter Include="Resource Files">
      <UniqueIdentifier>{67DA6AB6-F800-4c08-8B7A-83BB121AAD01}</UniqueIdentifier>
      <Extensions>rc;ico;cur;bmp;dlg;rc2;rct;bin;rgs;gif;jpg;jpeg;jpe;resx;tiff;tif;png;wav;mfcribbon-ms</Extensions>
    </Filter>
    <Filter Include="Source Files\AircraftGame">
      <UniqueIdentifier>{5fedaec6-b11a-4a7c-b88f-70306a8a3c3a}</UniqueIdentifier>
    </Filter>
    <Filter Include="Source Files\AircraftGame\util">
      <UniqueIdentifier>{654ea181-cb9a-4aeb-87ed-b352149d4d6c}</UniqueIdentifier>
    </Filter>
    <Filter Include="Source Files\AircraftGame\core">
      <UniqueIdentifier>{ec6f53e3-7911-4a26-b859-0eb2001d9acf}</UniqueIdentifier>
    </Filter>
    <Filter Include="Source Files\Resource chapter">
      <UniqueIdentifier>{c8031034-d9bd-4424-89ba-38c09e1e51bd}</UniqueIdentifier>
    </Filter>
    <Filter Include="Source Files\BounceApp">
      <UniqueIdentifier>{28909ae2-5339-46b1-9894-cdb3987e7f04}</UniqueIdentifier>
    </Filter>
    <Filter Include="Source Files\AircraftGame\model">
      <UniqueIdentifier>{fbdae484-03ee-4806-9b46-9e8d332548a6}</UniqueIdentifier>
    </Filter>
    <Filter Include="Source Files\AircraftGame\input">
      <UniqueIdentifier>{314383c6-2062-4f63-90fb-82c54ef48f6c}</UniqueIdentifier>
    </Filter>
    <Filter Include="Source Files\AircraftGame\view">
      <UniqueIdentifier>{dc2ed0ba-601e-404a-8aac-067f61f9be94}</UniqueIdentifier>
    </Filter>
  </ItemGroup>
  <ItemGroup>
    <ClInclude Include="source\util\resource_holder.hpp">
      <Filter>Source Files\AircraftGame\util</Filter>
    </ClInclude>
    <ClInclude Include="source\util\StringHelpers.hpp">
      <Filter>Source Files\AircraftGame\util</Filter>
    </ClInclude>
    <ClInclude Include="source\model\aircraft.hpp">
      <Filter>Source Files\AircraftGame\model</Filter>
    </ClInclude>
    <ClInclude Include="source\model\entity.hpp">
      <Filter>Source Files\AircraftGame\model</Filter>
    </ClInclude>
    <ClInclude Include="source\util\scene_node.hpp">
      <Filter>Source Files\AircraftGame\util</Filter>
    </ClInclude>
    <ClInclude Include="source\util\sprite_node.hpp">
      <Filter>Source Files\AircraftGame\util</Filter>
    </ClInclude>
    <ClInclude Include="source\util\world.hpp">
      <Filter>Source Files\AircraftGame\util</Filter>
    </ClInclude>
    <ClInclude Include="source\input\Command.hpp">
      <Filter>Source Files\AircraftGame\input</Filter>
    </ClInclude>
    <ClInclude Include="source\input\command_queue.h">
      <Filter>Source Files\AircraftGame\input</Filter>
    </ClInclude>
    <ClInclude Include="source\model\player.h">
      <Filter>Source Files\AircraftGame\input</Filter>
    </ClInclude>
    <ClInclude Include="ball.h">
      <Filter>Source Files\BounceApp</Filter>
    </ClInclude>
    <ClInclude Include="program.h">
      <Filter>Source Files\BounceApp</Filter>
    </ClInclude>
    <ClInclude Include="source\util\game_state.hpp">
      <Filter>Source Files\AircraftGame\util</Filter>
    </ClInclude>
    <ClInclude Include="source\util\title_state.hpp">
      <Filter>Source Files\AircraftGame\util</Filter>
    </ClInclude>
    <ClInclude Include="source\util\StateIdentifiers.hpp">
      <Filter>Source Files\AircraftGame\util</Filter>
    </ClInclude>
    <ClInclude Include="source\util\state_stack.hpp">
      <Filter>Source Files\AircraftGame\util</Filter>
    </ClInclude>
    <ClInclude Include="source\util\state.hpp">
      <Filter>Source Files\AircraftGame\util</Filter>
    </ClInclude>
    <ClInclude Include="source\util\pause_state.hpp">
      <Filter>Source Files\AircraftGame\util</Filter>
    </ClInclude>
    <ClInclude Include="source\util\menu_state.h">
      <Filter>Source Files\AircraftGame\util</Filter>
    </ClInclude>
    <ClInclude Include="source\core\application.hpp">
      <Filter>Source Files\AircraftGame\core</Filter>
    </ClInclude>
    <ClInclude Include="source\util\utility.hpp">
      <Filter>Source Files\AircraftGame\util</Filter>
    </ClInclude>
    <ClInclude Include="source\util\loading_state.h">
      <Filter>Source Files\AircraftGame\util</Filter>
    </ClInclude>
    <ClInclude Include="source\util\parallel_task.h">
      <Filter>Source Files\AircraftGame\util</Filter>
    </ClInclude>
    <ClInclude Include="source\view\component.hpp">
      <Filter>Source Files\AircraftGame\view</Filter>
    </ClInclude>
    <ClInclude Include="source\view\container.hpp">
      <Filter>Source Files\AircraftGame\view</Filter>
    </ClInclude>
    <ClInclude Include="source\view\label.hpp">
      <Filter>Source Files\AircraftGame\view</Filter>
    </ClInclude>
    <ClInclude Include="source\view\button.hpp">
      <Filter>Source Files\AircraftGame\view</Filter>
    </ClInclude>
    <ClInclude Include="source\util\settings_state.hpp">
      <Filter>Source Files\AircraftGame\util</Filter>
    </ClInclude>
    <ClInclude Include="source\util\ResourceIdentifiers.hpp">
      <Filter>Source Files\AircraftGame\util</Filter>
    </ClInclude>
    <ClInclude Include="source\util\text_node.hpp">
      <Filter>Source Files\AircraftGame\util</Filter>
    </ClInclude>
    <ClInclude Include="source\util\DataTables.hpp">
      <Filter>Source Files\AircraftGame\util</Filter>
    </ClInclude>
    <ClInclude Include="source\model\projectile.hpp">
      <Filter>Source Files\AircraftGame\model</Filter>
    </ClInclude>
    <ClInclude Include="source\util\category.hpp">
      <Filter>Source Files\AircraftGame\util</Filter>
    </ClInclude>
  </ItemGroup>
  <ItemGroup>
    <ClCompile Include="source\util\resource_holder.inl">
      <Filter>Source Files\AircraftGame\util</Filter>
    </ClCompile>
    <ClCompile Include="source\model\aircraft.cpp">
      <Filter>Source Files\AircraftGame\model</Filter>
    </ClCompile>
    <ClCompile Include="source\model\entity.cpp">
      <Filter>Source Files\AircraftGame\model</Filter>
    </ClCompile>
    <ClCompile Include="source\util\scene_node.cpp">
      <Filter>Source Files\AircraftGame\util</Filter>
    </ClCompile>
    <ClCompile Include="source\util\sprite_node.cpp">
      <Filter>Source Files\AircraftGame\util</Filter>
    </ClCompile>
    <ClCompile Include="source\util\world.cpp">
      <Filter>Source Files\AircraftGame\util</Filter>
    </ClCompile>
    <ClCompile Include="source\input\command.cpp">
      <Filter>Source Files\AircraftGame\input</Filter>
    </ClCompile>
    <ClCompile Include="source\input\command_queue.cpp">
      <Filter>Source Files\AircraftGame\input</Filter>
    </ClCompile>
    <ClCompile Include="source\model\player.cpp">
      <Filter>Source Files\AircraftGame\input</Filter>
    </ClCompile>
    <ClCompile Include="ball.cpp">
      <Filter>Source Files\BounceApp</Filter>
    </ClCompile>
    <ClCompile Include="program.cpp">
      <Filter>Source Files\BounceApp</Filter>
    </ClCompile>
    <ClCompile Include="source\main.cpp">
      <Filter>Source Files\AircraftGame</Filter>
    </ClCompile>
    <ClCompile Include="source\util\title_state.cpp">
      <Filter>Source Files\AircraftGame\util</Filter>
    </ClCompile>
    <ClCompile Include="source\util\state_stack.cpp">
      <Filter>Source Files\AircraftGame\util</Filter>
    </ClCompile>
    <ClCompile Include="source\util\state.cpp">
      <Filter>Source Files\AircraftGame\util</Filter>
    </ClCompile>
    <ClCompile Include="source\util\pause_state.cpp">
      <Filter>Source Files\AircraftGame\util</Filter>
    </ClCompile>
    <ClCompile Include="source\util\menu_state.cpp">
      <Filter>Source Files\AircraftGame\util</Filter>
    </ClCompile>
    <ClCompile Include="source\util\game_state.cpp">
      <Filter>Source Files\AircraftGame\util</Filter>
    </ClCompile>
    <ClCompile Include="source\core\application.cpp">
      <Filter>Source Files\AircraftGame\core</Filter>
    </ClCompile>
    <ClCompile Include="source\util\utility.inl">
      <Filter>Source Files\AircraftGame\util</Filter>
    </ClCompile>
    <ClCompile Include="source\util\loading_state.cpp">
      <Filter>Source Files\AircraftGame\util</Filter>
    </ClCompile>
    <ClCompile Include="source\util\parallel_task.cpp">
      <Filter>Source Files\AircraftGame\util</Filter>
    </ClCompile>
    <ClCompile Include="source\view\container.cpp">
      <Filter>Source Files\AircraftGame\view</Filter>
    </ClCompile>
    <ClCompile Include="source\view\component.cpp">
      <Filter>Source Files\AircraftGame\view</Filter>
    </ClCompile>
    <ClCompile Include="source\view\label.cpp">
      <Filter>Source Files\AircraftGame\view</Filter>
    </ClCompile>
    <ClCompile Include="source\view\button.cpp">
      <Filter>Source Files\AircraftGame\view</Filter>
    </ClCompile>
    <ClCompile Include="source\util\settings_state.cpp">
      <Filter>Source Files\AircraftGame\util</Filter>
    </ClCompile>
    <ClCompile Include="source\util\text_node.cpp">
      <Filter>Source Files\AircraftGame\util</Filter>
    </ClCompile>
    <ClCompile Include="source\util\DataTables.cpp">
      <Filter>Source Files\AircraftGame\util</Filter>
    </ClCompile>
    <ClCompile Include="source\model\projectile.cpp">
      <Filter>Source Files\AircraftGame\model</Filter>
    </ClCompile>
  </ItemGroup>
  <ItemGroup>
    <None Include="source\util\StringHelpers.inl">
      <Filter>Source Files\AircraftGame\util</Filter>
    </None>
  </ItemGroup>
</Project>